// !$*UTF8*$!
{
	archiveVersion = 1;
	classes = {
	};
	objectVersion = 46;
	objects = {

/* Begin PBXBuildFile section */
		3E5964211B1ADB0A003D1044 /* main.m in Sources */ = {isa = PBXBuildFile; fileRef = 3E5964201B1ADB0A003D1044 /* main.m */; };
		3E5964241B1ADB0A003D1044 /* AppDelegate.m in Sources */ = {isa = PBXBuildFile; fileRef = 3E5964231B1ADB0A003D1044 /* AppDelegate.m */; };
		3E5964271B1ADB0A003D1044 /* ViewController.m in Sources */ = {isa = PBXBuildFile; fileRef = 3E5964261B1ADB0A003D1044 /* ViewController.m */; };
		3E59642A1B1ADB0A003D1044 /* Main.storyboard in Resources */ = {isa = PBXBuildFile; fileRef = 3E5964281B1ADB0A003D1044 /* Main.storyboard */; };
		3E59642C1B1ADB0A003D1044 /* Images.xcassets in Resources */ = {isa = PBXBuildFile; fileRef = 3E59642B1B1ADB0A003D1044 /* Images.xcassets */; };
		3E59642F1B1ADB0A003D1044 /* LaunchScreen.xib in Resources */ = {isa = PBXBuildFile; fileRef = 3E59642D1B1ADB0A003D1044 /* LaunchScreen.xib */; };
		3E59643B1B1ADB0A003D1044 /* testTests.m in Sources */ = {isa = PBXBuildFile; fileRef = 3E59643A1B1ADB0A003D1044 /* testTests.m */; };
/* End PBXBuildFile section */

/* Begin PBXContainerItemProxy section */
		3E5964351B1ADB0A003D1044 /* PBXContainerItemProxy */ = {
			isa = PBXContainerItemProxy;
			containerPortal = 3E5964131B1ADB0A003D1044 /* Project object */;
			proxyType = 1;
			remoteGlobalIDString = 3E59641A1B1ADB0A003D1044;
			remoteInfo = test;
		};
/* End PBXContainerItemProxy section */

/* Begin PBXFileReference section */
		3E59641B1B1ADB0A003D1044 /* test.app */ = {isa = PBXFileReference; explicitFileType = wrapper.application; includeInIndex = 0; path = test.app; sourceTree = BUILT_PRODUCTS_DIR; };
		3E59641F1B1ADB0A003D1044 /* Info.plist */ = {isa = PBXFileReference; lastKnownFileType = text.plist.xml; path = Info.plist; sourceTree = "<group>"; };
		3E5964201B1ADB0A003D1044 /* main.m */ = {isa = PBXFileReference; lastKnownFileType = sourcecode.c.objc; path = main.m; sourceTree = "<group>"; };
		3E5964221B1ADB0A003D1044 /* AppDelegate.h */ = {isa = PBXFileReference; lastKnownFileType = sourcecode.c.h; path = AppDelegate.h; sourceTree = "<group>"; };
		3E5964231B1ADB0A003D1044 /* AppDelegate.m */ = {isa = PBXFileReference; lastKnownFileType = sourcecode.c.objc; path = AppDelegate.m; sourceTree = "<group>"; };
		3E5964251B1ADB0A003D1044 /* ViewController.h */ = {isa = PBXFileReference; lastKnownFileType = sourcecode.c.h; path = ViewController.h; sourceTree = "<group>"; };
		3E5964261B1ADB0A003D1044 /* ViewController.m */ = {isa = PBXFileReference; lastKnownFileType = sourcecode.c.objc; path = ViewController.m; sourceTree = "<group>"; };
		3E5964291B1ADB0A003D1044 /* Base */ = {isa = PBXFileReference; lastKnownFileType = file.storyboard; name = Base; path = Base.lproj/Main.storyboard; sourceTree = "<group>"; };
		3E59642B1B1ADB0A003D1044 /* Images.xcassets */ = {isa = PBXFileReference; lastKnownFileType = folder.assetcatalog; path = Images.xcassets; sourceTree = "<group>"; };
		3E59642E1B1ADB0A003D1044 /* Base */ = {isa = PBXFileReference; lastKnownFileType = file.xib; name = Base; path = Base.lproj/LaunchScreen.xib; sourceTree = "<group>"; };
		3E5964341B1ADB0A003D1044 /* testTests.xctest */ = {isa = PBXFileReference; explicitFileType = wrapper.cfbundle; includeInIndex = 0; path = testTests.xctest; sourceTree = BUILT_PRODUCTS_DIR; };
		3E5964391B1ADB0A003D1044 /* Info.plist */ = {isa = PBXFileReference; lastKnownFileType = text.plist.xml; path = Info.plist; sourceTree = "<group>"; };
		3E59643A1B1ADB0A003D1044 /* testTests.m */ = {isa = PBXFileReference; lastKnownFileType = sourcecode.c.objc; path = testTests.m; sourceTree = "<group>"; };
/* End PBXFileReference section */

/* Begin PBXFrameworksBuildPhase section */
		3E5964181B1ADB0A003D1044 /* Frameworks */ = {
			isa = PBXFrameworksBuildPhase;
			buildActionMask = 2147483647;
			files = (
			);
			runOnlyForDeploymentPostprocessing = 0;
		};
		3E5964311B1ADB0A003D1044 /* Frameworks */ = {
			isa = PBXFrameworksBuildPhase;
			buildActionMask = 2147483647;
			files = (
			);
			runOnlyForDeploymentPostprocessing = 0;
		};
/* End PBXFrameworksBuildPhase section */

/* Begin PBXGroup section */
		3E5964121B1ADB0A003D1044 = {
			isa = PBXGroup;
			children = (
				3E59641D1B1ADB0A003D1044 /* test */,
				3E5964371B1ADB0A003D1044 /* testTests */,
				3E59641C1B1ADB0A003D1044 /* Products */,
			);
			sourceTree = "<group>";
		};
		3E59641C1B1ADB0A003D1044 /* Products */ = {
			isa = PBXGroup;
			children = (
				3E59641B1B1ADB0A003D1044 /* test.app */,
				3E5964341B1ADB0A003D1044 /* testTests.xctest */,
			);
			name = Products;
			sourceTree = "<group>";
		};
		3E59641D1B1ADB0A003D1044 /* test */ = {
			isa = PBXGroup;
			children = (
				3E5964221B1ADB0A003D1044 /* AppDelegate.h */,
				3E5964231B1ADB0A003D1044 /* AppDelegate.m */,
				3E5964251B1ADB0A003D1044 /* ViewController.h */,
				3E5964261B1ADB0A003D1044 /* ViewController.m */,
				3E5964281B1ADB0A003D1044 /* Main.storyboard */,
				3E59642B1B1ADB0A003D1044 /* Images.xcassets */,
				3E59642D1B1ADB0A003D1044 /* LaunchScreen.xib */,
				3E59641E1B1ADB0A003D1044 /* Supporting Files */,
			);
			path = test;
			sourceTree = "<group>";
		};
		3E59641E1B1ADB0A003D1044 /* Supporting Files */ = {
			isa = PBXGroup;
			children = (
				3E59641F1B1ADB0A003D1044 /* Info.plist */,
				3E5964201B1ADB0A003D1044 /* main.m */,
			);
			name = "Supporting Files";
			sourceTree = "<group>";
		};
		3E5964371B1ADB0A003D1044 /* testTests */ = {
			isa = PBXGroup;
			children = (
				3E59643A1B1ADB0A003D1044 /* testTests.m */,
				3E5964381B1ADB0A003D1044 /* Supporting Files */,
			);
			path = testTests;
			sourceTree = "<group>";
		};
		3E5964381B1ADB0A003D1044 /* Supporting Files */ = {
			isa = PBXGroup;
			children = (
				3E5964391B1ADB0A003D1044 /* Info.plist */,
			);
			name = "Supporting Files";
			sourceTree = "<group>";
		};
/* End PBXGroup section */

/* Begin PBXNativeTarget section */
		3E59641A1B1ADB0A003D1044 /* test */ = {
			isa = PBXNativeTarget;
			buildConfigurationList = 3E59643E1B1ADB0A003D1044 /* Build configuration list for PBXNativeTarget "test" */;
			buildPhases = (
				3E5964171B1ADB0A003D1044 /* Sources */,
				3E5964181B1ADB0A003D1044 /* Frameworks */,
				3E5964191B1ADB0A003D1044 /* Resources */,
			);
			buildRules = (
			);
			dependencies = (
			);
			name = test;
			productName = test;
			productReference = 3E59641B1B1ADB0A003D1044 /* test.app */;
			productType = "com.apple.product-type.application";
		};
		3E5964331B1ADB0A003D1044 /* testTests */ = {
			isa = PBXNativeTarget;
			buildConfigurationList = 3E5964411B1ADB0A003D1044 /* Build configuration list for PBXNativeTarget "testTests" */;
			buildPhases = (
				3E5964301B1ADB0A003D1044 /* Sources */,
				3E5964311B1ADB0A003D1044 /* Frameworks */,
				3E5964321B1ADB0A003D1044 /* Resources */,
			);
			buildRules = (
			);
			dependencies = (
				3E5964361B1ADB0A003D1044 /* PBXTargetDependency */,
			);
			name = testTests;
			productName = testTests;
			productReference = 3E5964341B1ADB0A003D1044 /* testTests.xctest */;
			productType = "com.apple.product-type.bundle.unit-test";
		};
/* End PBXNativeTarget section */

/* Begin PBXProject section */
		3E5964131B1ADB0A003D1044 /* Project object */ = {
			isa = PBXProject;
			attributes = {
				LastUpgradeCheck = 0630;
				ORGANIZATIONNAME = lin;
				TargetAttributes = {
					3E59641A1B1ADB0A003D1044 = {
						CreatedOnToolsVersion = 6.3.2;
					};
					3E5964331B1ADB0A003D1044 = {
						CreatedOnToolsVersion = 6.3.2;
						TestTargetID = 3E59641A1B1ADB0A003D1044;
					};
				};
			};
			buildConfigurationList = 3E5964161B1ADB0A003D1044 /* Build configuration list for PBXProject "test" */;
			compatibilityVersion = "Xcode 3.2";
			developmentRegion = English;
			hasScannedForEncodings = 0;
			knownRegions = (
				en,
				Base,
			);
			mainGroup = 3E5964121B1ADB0A003D1044;
			productRefGroup = 3E59641C1B1ADB0A003D1044 /* Products */;
			projectDirPath = "";
			projectRoot = "";
			targets = (
				3E59641A1B1ADB0A003D1044 /* test */,
				3E5964331B1ADB0A003D1044 /* testTests */,
			);
		};
/* End PBXProject section */

/* Begin PBXResourcesBuildPhase section */
		3E5964191B1ADB0A003D1044 /* Resources */ = {
			isa = PBXResourcesBuildPhase;
			buildActionMask = 2147483647;
			files = (
				3E59642A1B1ADB0A003D1044 /* Main.storyboard in Resources */,
				3E59642F1B1ADB0A003D1044 /* LaunchScreen.xib in Resources */,
				3E59642C1B1ADB0A003D1044 /* Images.xcassets in Resources */,
			);
			runOnlyForDeploymentPostprocessing = 0;
		};
		3E5964321B1ADB0A003D1044 /* Resources */ = {
			isa = PBXResourcesBuildPhase;
			buildActionMask = 2147483647;
			files = (
			);
			runOnlyForDeploymentPostprocessing = 0;
		};
/* End PBXResourcesBuildPhase section */

/* Begin PBXSourcesBuildPhase section */
		3E5964171B1ADB0A003D1044 /* Sources */ = {
			isa = PBXSourcesBuildPhase;
			buildActionMask = 2147483647;
			files = (
				3E5964271B1ADB0A003D1044 /* ViewController.m in Sources */,
				3E5964241B1ADB0A003D1044 /* AppDelegate.m in Sources */,
				3E5964211B1ADB0A003D1044 /* main.m in Sources */,
			);
			runOnlyForDeploymentPostprocessing = 0;
		};
		3E5964301B1ADB0A003D1044 /* Sources */ = {
			isa = PBXSourcesBuildPhase;
			buildActionMask = 2147483647;
			files = (
				3E59643B1B1ADB0A003D1044 /* testTests.m in Sources */,
			);
			runOnlyForDeploymentPostprocessing = 0;
		};
/* End PBXSourcesBuildPhase section */

/* Begin PBXTargetDependency section */
		3E5964361B1ADB0A003D1044 /* PBXTargetDependency */ = {
			isa = PBXTargetDependency;
			target = 3E59641A1B1ADB0A003D1044 /* test */;
			targetProxy = 3E5964351B1ADB0A003D1044 /* PBXContainerItemProxy */;
		};
/* End PBXTargetDependency section */

/* Begin PBXVariantGroup section */
		3E5964281B1ADB0A003D1044 /* Main.storyboard */ = {
			isa = PBXVariantGroup;
			children = (
				3E5964291B1ADB0A003D1044 /* Base */,
			);
			name = Main.storyboard;
			sourceTree = "<group>";
		};
		3E59642D1B1ADB0A003D1044 /* LaunchScreen.xib */ = {
			isa = PBXVariantGroup;
			children = (
				3E59642E1B1ADB0A003D1044 /* Base */,
			);
			name = LaunchScreen.xib;
			sourceTree = "<group>";
		};
/* End PBXVariantGroup section */

/* Begin XCBuildConfiguration section */
		3E59643C1B1ADB0A003D1044 /* Debug */ = {
			isa = XCBuildConfiguration;
			buildSettings = {
				ALWAYS_SEARCH_USER_PATHS = NO;
				CLANG_CXX_LANGUAGE_STANDARD = "gnu++0x";
				CLANG_CXX_LIBRARY = "libc++";
				CLANG_ENABLE_MODULES = YES;
				CLANG_ENABLE_OBJC_ARC = YES;
				CLANG_WARN_BOOL_CONVERSION = YES;
				CLANG_WARN_CONSTANT_CONVERSION = YES;
				CLANG_WARN_DIRECT_OBJC_ISA_USAGE = YES_ERROR;
				CLANG_WARN_EMPTY_BODY = YES;
				CLANG_WARN_ENUM_CONVERSION = YES;
				CLANG_WARN_INT_CONVERSION = YES;
				CLANG_WARN_OBJC_ROOT_CLASS = YES_ERROR;
				CLANG_WARN_UNREACHABLE_CODE = YES;
				CLANG_WARN__DUPLICATE_METHOD_MATCH = YES;
				"CODE_SIGN_IDENTITY[sdk=iphoneos*]" = "iPhone Developer";
				COPY_PHASE_STRIP = NO;
				DEBUG_INFORMATION_FORMAT = "dwarf-with-dsym";
				ENABLE_STRICT_OBJC_MSGSEND = YES;
				GCC_C_LANGUAGE_STANDARD = gnu99;
				GCC_DYNAMIC_NO_PIC = NO;
				GCC_NO_COMMON_BLOCKS = YES;
				GCC_OPTIMIZATION_LEVEL = 0;
				GCC_PREPROCESSOR_DEFINITIONS = (
					"DEBUG=1",
					"$(inherited)",
				);
				GCC_SYMBOLS_PRIVATE_EXTERN = NO;
				GCC_WARN_64_TO_32_BIT_CONVERSION = YES;
				GCC_WARN_ABOUT_RETURN_TYPE = YES_ERROR;
				GCC_WARN_UNDECLARED_SELECTOR = YES;
				GCC_WARN_UNINITIALIZED_AUTOS = YES_AGGRESSIVE;
				GCC_WARN_UNUSED_FUNCTION = YES;
				GCC_WARN_UNUSED_VARIABLE = YES;
				IPHONEOS_DEPLOYMENT_TARGET = 8.3;
				MTL_ENABLE_DEBUG_INFO = YES;
				ONLY_ACTIVE_ARCH = YES;
				SDKROOT = iphoneos;
			};
			name = Debug;
		};
		3E59643D1B1ADB0A003D1044 /* Release */ = {
			isa = XCBuildConfiguration;
			buildSettings = {
				ALWAYS_SEARCH_USER_PATHS = NO;
				CLANG_CXX_LANGUAGE_STANDARD = "gnu++0x";
				CLANG_CXX_LIBRARY = "libc++";
				CLANG_ENABLE_MODULES = YES;
				CLANG_ENABLE_OBJC_ARC = YES;
				CLANG_WARN_BOOL_CONVERSION = YES;
				CLANG_WARN_CONSTANT_CONVERSION = YES;
				CLANG_WARN_DIRECT_OBJC_ISA_USAGE = YES_ERROR;
				CLANG_WARN_EMPTY_BODY = YES;
				CLANG_WARN_ENUM_CONVERSION = YES;
				CLANG_WARN_INT_CONVERSION = YES;
				CLANG_WARN_OBJC_ROOT_CLASS = YES_ERROR;
				CLANG_WARN_UNREACHABLE_CODE = YES;
				CLANG_WARN__DUPLICATE_METHOD_MATCH = YES;
				"CODE_SIGN_IDENTITY[sdk=iphoneos*]" = "iPhone Developer";
				COPY_PHASE_STRIP = NO;
				DEBUG_INFORMATION_FORMAT = "dwarf-with-dsym";
				ENABLE_NS_ASSERTIONS = NO;
				ENABLE_STRICT_OBJC_MSGSEND = YES;
				GCC_C_LANGUAGE_STANDARD = gnu99;
				GCC_NO_COMMON_BLOCKS = YES;
				GCC_WARN_64_TO_32_BIT_CONVERSION = YES;
				GCC_WARN_ABOUT_RETURN_TYPE = YES_ERROR;
				GCC_WARN_UNDECLARED_SELECTOR = YES;
				GCC_WARN_UNINITIALIZED_AUTOS = YES_AGGRESSIVE;
				GCC_WARN_UNUSED_FUNCTION = YES;
				GCC_WARN_UNUSED_VARIABLE = YES;
				IPHONEOS_DEPLOYMENT_TARGET = 8.3;
				MTL_ENABLE_DEBUG_INFO = NO;
				SDKROOT = iphoneos;
				VALIDATE_PRODUCT = YES;
			};
			name = Release;
		};
		3E59643F1B1ADB0A003D1044 /* Debug */ = {
			isa = XCBuildConfiguration;
			buildSettings = {
				ASSETCATALOG_COMPILER_APPICON_NAME = AppIcon;
				INFOPLIST_FILE = test/Info.plist;
				LD_RUNPATH_SEARCH_PATHS = "$(inherited) @executable_path/Frameworks";
				PRODUCT_NAME = "$(TARGET_NAME)";
			};
			name = Debug;
		};
		3E5964401B1ADB0A003D1044 /* Release */ = {
			isa = XCBuildConfiguration;
			buildSettings = {
				ASSETCATALOG_COMPILER_APPICON_NAME = AppIcon;
				INFOPLIST_FILE = test/Info.plist;
				LD_RUNPATH_SEARCH_PATHS = "$(inherited) @executable_path/Frameworks";
				PRODUCT_NAME = "$(TARGET_NAME)";
			};
			name = Release;
		};
		3E5964421B1ADB0A003D1044 /* Debug */ = {
			isa = XCBuildConfiguration;
			buildSettings = {
				BUNDLE_LOADER = "$(TEST_HOST)";
				FRAMEWORK_SEARCH_PATHS = (
					"$(SDKROOT)/Developer/Library/Frameworks",
					"$(inherited)",
				);
				GCC_PREPROCESSOR_DEFINITIONS = (
					"DEBUG=1",
					"$(inherited)",
				);
				INFOPLIST_FILE = testTests/Info.plist;
				LD_RUNPATH_SEARCH_PATHS = "$(inherited) @executable_path/Frameworks @loader_path/Frameworks";
				PRODUCT_NAME = "$(TARGET_NAME)";
				TEST_HOST = "$(BUILT_PRODUCTS_DIR)/test.app/test";
			};
			name = Debug;
		};
		3E5964431B1ADB0A003D1044 /* Release */ = {
			isa = XCBuildConfiguration;
			buildSettings = {
				BUNDLE_LOADER = "$(TEST_HOST)";
				FRAMEWORK_SEARCH_PATHS = (
					"$(SDKROOT)/Developer/Library/Frameworks",
					"$(inherited)",
				);
				INFOPLIST_FILE = testTests/Info.plist;
				LD_RUNPATH_SEARCH_PATHS = "$(inherited) @executable_path/Frameworks @loader_path/Frameworks";
				PRODUCT_NAME = "$(TARGET_NAME)";
				TEST_HOST = "$(BUILT_PRODUCTS_DIR)/test.app/test";
			};
			name = Release;
		};
/* End XCBuildConfiguration section */

/* Begin XCConfigurationList section */
		3E5964161B1ADB0A003D1044 /* Build configuration list for PBXProject "test" */ = {
			isa = XCConfigurationList;
			buildConfigurations = (
				3E59643C1B1ADB0A003D1044 /* Debug */,
				3E59643D1B1ADB0A003D1044 /* Release */,
			);
			defaultConfigurationIsVisible = 0;
			defaultConfigurationName = Release;
		};
		3E59643E1B1ADB0A003D1044 /* Build configuration list for PBXNativeTarget "test" */ = {
			isa = XCConfigurationList;
			buildConfigurations = (
				3E59643F1B1ADB0A003D1044 /* Debug */,
				3E5964401B1ADB0A003D1044 /* Release */,
			);
			defaultConfigurationIsVisible = 0;
		};
		3E5964411B1ADB0A003D1044 /* Build configuration list for PBXNativeTarget "testTests" */ = {
			isa = XCConfigurationList;
			buildConfigurations = (
				3E5964421B1ADB0A003D1044 /* Debug */,
				3E5964431B1ADB0A003D1044 /* Release */,
			);
			defaultConfigurationIsVisible = 0;
		};
/* End XCConfigurationList section */
	};
	rootObject = 3E5964131B1ADB0A003D1044 /* Project object */;
}
